
Microsoft Visual Studio Solution File, Format Version 12.00
# Visual Studio Version 17
VisualStudioVersion = 17.14.36414.22 d17.14
MinimumVisualStudioVersion = 10.0.40219.1
Project("{FAE04EC0-301F-11D3-BF4B-00C04F79EFBC}") = "HeroHub", "HeroHub.csproj", "{0CA838B3-F404-4A9A-B24A-8D2EA165B92D}"
EndProject
Global
	GlobalSection(SolutionConfigurationPlatforms) = preSolution
		Debug|Any CPU = Debug|Any CPU
		Release|Any CPU = Release|Any CPU
	EndGlobalSection
	GlobalSection(ProjectConfigurationPlatforms) = postSolution
		{0CA838B3-F404-4A9A-B24A-8D2EA165B92D}.Debug|Any CPU.ActiveCfg = Debug|Any CPU
		{0CA838B3-F404-4A9A-B24A-8D2EA165B92D}.Debug|Any CPU.Build.0 = Debug|Any CPU
		{0CA838B3-F404-4A9A-B24A-8D2EA165B92D}.Release|Any CPU.ActiveCfg = Release|Any CPU
		{0CA838B3-F404-4A9A-B24A-8D2EA165B92D}.Release|Any CPU.Build.0 = Release|Any CPU
	EndGlobalSection
	GlobalSection(SolutionProperties) = preSolution
		HideSolutionNode = FALSE
	EndGlobalSection
	GlobalSection(ExtensibilityGlobals) = postSolution
		SolutionGuid = {BC43EEE1-F85F-415F-AA4A-94AB1A187413}
	EndGlobalSection
EndGlobal
